
Microsoft Visual Studio Solution File, Format Version 12.00
# Visual Studio Version 17
VisualStudioVersion = 17.0.31903.59
MinimumVisualStudioVersion = 10.0.40219.1
Project("{2150E333-8FDC-42A3-9474-1A3956D46DE8}") = "src", "src", "{827E0CD3-B72D-47B6-A68D-7590B98EB39B}"
EndProject
Project("{FAE04EC0-301F-11D3-BF4B-00C04F79EFBC}") = "PEPCliHelper.Core", "src\PEPCliHelper.Core\PEPCliHelper.Core.csproj", "{CE818AB7-510F-4651-86FF-C6A66DC6B489}"
EndProject
Project("{FAE04EC0-301F-11D3-BF4B-00C04F79EFBC}") = "PEPCliHelper", "src\PEPCliHelper\PEPCliHelper.csproj", "{D94FE327-E1DB-4392-8F54-821961569556}"
EndProject
Project("{FAE04EC0-301F-11D3-BF4B-00C04F79EFBC}") = "PEPCliHelper.Tests", "tests\PEPCliHelper.Tests\PEPCliHelper.Tests.csproj", "{6A895468-9190-405D-A42E-F9FC9920B99B}"
EndProject
Project("{2150E333-8FDC-42A3-9474-1A3956D46DE8}") = "tests", "tests", "{0AB3BF05-4346-4AA6-1389-037BE0695223}"
EndProject
Project("{FAE04EC0-301F-11D3-BF4B-00C04F79EFBC}") = "PEPCliHelper.IntegrationTests", "tests\PEPCliHelper.IntegrationTests\PEPCliHelper.IntegrationTests.csproj", "{6E02040E-5512-43D9-9B1F-FA27470CB50F}"
EndProject
Project("{FAE04EC0-301F-11D3-BF4B-00C04F79EFBC}") = "PEPCliHelper.Installer", "src\PEPCliHelper.Installer\PEPCliHelper.Installer.csproj", "{308FC27D-D4CF-4169-8302-3594826D87EA}"
EndProject
Project("{FAE04EC0-301F-11D3-BF4B-00C04F79EFBC}") = "PEPCliHelper.Installer.Tests", "tests\PEPCliHelper.Installer.Tests\PEPCliHelper.Installer.Tests.csproj", "{D6032042-8CFC-46D7-BD4B-E875B573AEB7}"
EndProject
Global
	GlobalSection(SolutionConfigurationPlatforms) = preSolution
		Debug|Any CPU = Debug|Any CPU
		Debug|x64 = Debug|x64
		Debug|x86 = Debug|x86
		Release|Any CPU = Release|Any CPU
		Release|x64 = Release|x64
		Release|x86 = Release|x86
	EndGlobalSection
	GlobalSection(ProjectConfigurationPlatforms) = postSolution
		{CE818AB7-510F-4651-86FF-C6A66DC6B489}.Debug|Any CPU.ActiveCfg = Debug|Any CPU
		{CE818AB7-510F-4651-86FF-C6A66DC6B489}.Debug|Any CPU.Build.0 = Debug|Any CPU
		{CE818AB7-510F-4651-86FF-C6A66DC6B489}.Debug|x64.ActiveCfg = Debug|Any CPU
		{CE818AB7-510F-4651-86FF-C6A66DC6B489}.Debug|x64.Build.0 = Debug|Any CPU
		{CE818AB7-510F-4651-86FF-C6A66DC6B489}.Debug|x86.ActiveCfg = Debug|Any CPU
		{CE818AB7-510F-4651-86FF-C6A66DC6B489}.Debug|x86.Build.0 = Debug|Any CPU
		{CE818AB7-510F-4651-86FF-C6A66DC6B489}.Release|Any CPU.ActiveCfg = Release|Any CPU
		{CE818AB7-510F-4651-86FF-C6A66DC6B489}.Release|Any CPU.Build.0 = Release|Any CPU
		{CE818AB7-510F-4651-86FF-C6A66DC6B489}.Release|x64.ActiveCfg = Release|Any CPU
		{CE818AB7-510F-4651-86FF-C6A66DC6B489}.Release|x64.Build.0 = Release|Any CPU
		{CE818AB7-510F-4651-86FF-C6A66DC6B489}.Release|x86.ActiveCfg = Release|Any CPU
		{CE818AB7-510F-4651-86FF-C6A66DC6B489}.Release|x86.Build.0 = Release|Any CPU
		{D94FE327-E1DB-4392-8F54-821961569556}.Debug|Any CPU.ActiveCfg = Debug|Any CPU
		{D94FE327-E1DB-4392-8F54-821961569556}.Debug|Any CPU.Build.0 = Debug|Any CPU
		{D94FE327-E1DB-4392-8F54-821961569556}.Debug|x64.ActiveCfg = Debug|Any CPU
		{D94FE327-E1DB-4392-8F54-821961569556}.Debug|x64.Build.0 = Debug|Any CPU
		{D94FE327-E1DB-4392-8F54-821961569556}.Debug|x86.ActiveCfg = Debug|Any CPU
		{D94FE327-E1DB-4392-8F54-821961569556}.Debug|x86.Build.0 = Debug|Any CPU
		{D94FE327-E1DB-4392-8F54-821961569556}.Release|Any CPU.ActiveCfg = Release|Any CPU
		{D94FE327-E1DB-4392-8F54-821961569556}.Release|Any CPU.Build.0 = Release|Any CPU
		{D94FE327-E1DB-4392-8F54-821961569556}.Release|x64.ActiveCfg = Release|Any CPU
		{D94FE327-E1DB-4392-8F54-821961569556}.Release|x64.Build.0 = Release|Any CPU
		{D94FE327-E1DB-4392-8F54-821961569556}.Release|x86.ActiveCfg = Release|Any CPU
		{D94FE327-E1DB-4392-8F54-821961569556}.Release|x86.Build.0 = Release|Any CPU
		{6A895468-9190-405D-A42E-F9FC9920B99B}.Debug|Any CPU.ActiveCfg = Debug|Any CPU
		{6A895468-9190-405D-A42E-F9FC9920B99B}.Debug|Any CPU.Build.0 = Debug|Any CPU
		{6A895468-9190-405D-A42E-F9FC9920B99B}.Debug|x64.ActiveCfg = Debug|Any CPU
		{6A895468-9190-405D-A42E-F9FC9920B99B}.Debug|x64.Build.0 = Debug|Any CPU
		{6A895468-9190-405D-A42E-F9FC9920B99B}.Debug|x86.ActiveCfg = Debug|Any CPU
		{6A895468-9190-405D-A42E-F9FC9920B99B}.Debug|x86.Build.0 = Debug|Any CPU
		{6A895468-9190-405D-A42E-F9FC9920B99B}.Release|Any CPU.ActiveCfg = Release|Any CPU
		{6A895468-9190-405D-A42E-F9FC9920B99B}.Release|Any CPU.Build.0 = Release|Any CPU
		{6A895468-9190-405D-A42E-F9FC9920B99B}.Release|x64.ActiveCfg = Release|Any CPU
		{6A895468-9190-405D-A42E-F9FC9920B99B}.Release|x64.Build.0 = Release|Any CPU
		{6A895468-9190-405D-A42E-F9FC9920B99B}.Release|x86.ActiveCfg = Release|Any CPU
		{6A895468-9190-405D-A42E-F9FC9920B99B}.Release|x86.Build.0 = Release|Any CPU
		{6E02040E-5512-43D9-9B1F-FA27470CB50F}.Debug|Any CPU.ActiveCfg = Debug|Any CPU
		{6E02040E-5512-43D9-9B1F-FA27470CB50F}.Debug|Any CPU.Build.0 = Debug|Any CPU
		{6E02040E-5512-43D9-9B1F-FA27470CB50F}.Debug|x64.ActiveCfg = Debug|Any CPU
		{6E02040E-5512-43D9-9B1F-FA27470CB50F}.Debug|x64.Build.0 = Debug|Any CPU
		{6E02040E-5512-43D9-9B1F-FA27470CB50F}.Debug|x86.ActiveCfg = Debug|Any CPU
		{6E02040E-5512-43D9-9B1F-FA27470CB50F}.Debug|x86.Build.0 = Debug|Any CPU
		{6E02040E-5512-43D9-9B1F-FA27470CB50F}.Release|Any CPU.ActiveCfg = Release|Any CPU
		{6E02040E-5512-43D9-9B1F-FA27470CB50F}.Release|Any CPU.Build.0 = Release|Any CPU
		{6E02040E-5512-43D9-9B1F-FA27470CB50F}.Release|x64.ActiveCfg = Release|Any CPU
		{6E02040E-5512-43D9-9B1F-FA27470CB50F}.Release|x64.Build.0 = Release|Any CPU
		{6E02040E-5512-43D9-9B1F-FA27470CB50F}.Release|x86.ActiveCfg = Release|Any CPU
		{6E02040E-5512-43D9-9B1F-FA27470CB50F}.Release|x86.Build.0 = Release|Any CPU
		{308FC27D-D4CF-4169-8302-3594826D87EA}.Debug|Any CPU.ActiveCfg = Debug|Any CPU
		{308FC27D-D4CF-4169-8302-3594826D87EA}.Debug|Any CPU.Build.0 = Debug|Any CPU
		{308FC27D-D4CF-4169-8302-3594826D87EA}.Debug|x64.ActiveCfg = Debug|Any CPU
		{308FC27D-D4CF-4169-8302-3594826D87EA}.Debug|x64.Build.0 = Debug|Any CPU
		{308FC27D-D4CF-4169-8302-3594826D87EA}.Debug|x86.ActiveCfg = Debug|Any CPU
		{308FC27D-D4CF-4169-8302-3594826D87EA}.Debug|x86.Build.0 = Debug|Any CPU
		{308FC27D-D4CF-4169-8302-3594826D87EA}.Release|Any CPU.ActiveCfg = Release|Any CPU
		{308FC27D-D4CF-4169-8302-3594826D87EA}.Release|Any CPU.Build.0 = Release|Any CPU
		{308FC27D-D4CF-4169-8302-3594826D87EA}.Release|x64.ActiveCfg = Release|Any CPU
		{308FC27D-D4CF-4169-8302-3594826D87EA}.Release|x64.Build.0 = Release|Any CPU
		{308FC27D-D4CF-4169-8302-3594826D87EA}.Release|x86.ActiveCfg = Release|Any CPU
		{308FC27D-D4CF-4169-8302-3594826D87EA}.Release|x86.Build.0 = Release|Any CPU
		{D6032042-8CFC-46D7-BD4B-E875B573AEB7}.Debug|Any CPU.ActiveCfg = Debug|Any CPU
		{D6032042-8CFC-46D7-BD4B-E875B573AEB7}.Debug|Any CPU.Build.0 = Debug|Any CPU
		{D6032042-8CFC-46D7-BD4B-E875B573AEB7}.Debug|x64.ActiveCfg = Debug|Any CPU
		{D6032042-8CFC-46D7-BD4B-E875B573AEB7}.Debug|x64.Build.0 = Debug|Any CPU
		{D6032042-8CFC-46D7-BD4B-E875B573AEB7}.Debug|x86.ActiveCfg = Debug|Any CPU
		{D6032042-8CFC-46D7-BD4B-E875B573AEB7}.Debug|x86.Build.0 = Debug|Any CPU
		{D6032042-8CFC-46D7-BD4B-E875B573AEB7}.Release|Any CPU.ActiveCfg = Release|Any CPU
		{D6032042-8CFC-46D7-BD4B-E875B573AEB7}.Release|Any CPU.Build.0 = Release|Any CPU
		{D6032042-8CFC-46D7-BD4B-E875B573AEB7}.Release|x64.ActiveCfg = Release|Any CPU
		{D6032042-8CFC-46D7-BD4B-E875B573AEB7}.Release|x64.Build.0 = Release|Any CPU
		{D6032042-8CFC-46D7-BD4B-E875B573AEB7}.Release|x86.ActiveCfg = Release|Any CPU
		{D6032042-8CFC-46D7-BD4B-E875B573AEB7}.Release|x86.Build.0 = Release|Any CPU
	EndGlobalSection
	GlobalSection(SolutionProperties) = preSolution
		HideSolutionNode = FALSE
	EndGlobalSection
	GlobalSection(NestedProjects) = preSolution
		{CE818AB7-510F-4651-86FF-C6A66DC6B489} = {827E0CD3-B72D-47B6-A68D-7590B98EB39B}
		{D94FE327-E1DB-4392-8F54-821961569556} = {827E0CD3-B72D-47B6-A68D-7590B98EB39B}
		{6A895468-9190-405D-A42E-F9FC9920B99B} = {827E0CD3-B72D-47B6-A68D-7590B98EB39B}
		{6E02040E-5512-43D9-9B1F-FA27470CB50F} = {0AB3BF05-4346-4AA6-1389-037BE0695223}
		{308FC27D-D4CF-4169-8302-3594826D87EA} = {827E0CD3-B72D-47B6-A68D-7590B98EB39B}
		{D6032042-8CFC-46D7-BD4B-E875B573AEB7} = {0AB3BF05-4346-4AA6-1389-037BE0695223}
	EndGlobalSection
EndGlobal
